{
  "name": "baresip-wrapper",
  "version": "1.0.9",
  "lockfileVersion": 1,
  "requires": true,
  "dependencies": {
    "child_process": {
      "version": "1.0.2",
      "resolved": "https://registry.npmjs.org/child_process/-/child_process-1.0.2.tgz",
      "integrity": "sha1-sffn/HPSXn/R1FWtyU4UODAYK1o="
    },
    "os-dependent-path-delimiter": {
      "version": "1.0.1",
      "resolved": "https://registry.npmjs.org/os-dependent-path-delimiter/-/os-dependent-path-delimiter-1.0.1.tgz",
      "integrity": "sha512-59wH9qDvFAZpLcjYqhYfErT8A2ZyIsUTFca4WMjmDMPuqv9cbZyVACOa4x4yjNsv/L/wEzNvunlJXEFklF/ABQ=="
    },
    "tree-kill": {
      "version": "1.2.2",
      "resolved": "https://registry.npmjs.org/tree-kill/-/tree-kill-1.2.2.tgz",
      "integrity": "sha512-L0Orpi8qGpRG//Nd+H90vFB+3iHnue1zSSGmNOOCh1GLJ7rUKVwV2HvijphGQS2UmhUZewS9VgvxYIdgr+fG1A=="
    }
  }
}
